
Microsoft Visual Studio Solution File, Format Version 12.00
# Visual Studio Version 16
VisualStudioVersion = 16.0.30011.22
MinimumVisualStudioVersion = 10.0.40219.1
Project("{FAE04EC0-301F-11D3-BF4B-00C04F79EFBC}") = "MegaDesk-Schurr", "MegaDesk-Schurr\MegaDesk-Schurr.csproj", "{E92AD117-10EF-4263-9D92-824D5FABCFFD}"
EndProject
Global
	GlobalSection(SolutionConfigurationPlatforms) = preSolution
		Debug|Any CPU = Debug|Any CPU
		Release|Any CPU = Release|Any CPU
	EndGlobalSection
	GlobalSection(ProjectConfigurationPlatforms) = postSolution
		{E92AD117-10EF-4263-9D92-824D5FABCFFD}.Debug|Any CPU.ActiveCfg = Debug|Any CPU
		{E92AD117-10EF-4263-9D92-824D5FABCFFD}.Debug|Any CPU.Build.0 = Debug|Any CPU
		{E92AD117-10EF-4263-9D92-824D5FABCFFD}.Release|Any CPU.ActiveCfg = Release|Any CPU
		{E92AD117-10EF-4263-9D92-824D5FABCFFD}.Release|Any CPU.Build.0 = Release|Any CPU
	EndGlobalSection
	GlobalSection(SolutionProperties) = preSolution
		HideSolutionNode = FALSE
	EndGlobalSection
	GlobalSection(ExtensibilityGlobals) = postSolution
		SolutionGuid = {9CA85043-AB96-4B04-A8EA-2384AAA7C7B9}
	EndGlobalSection
EndGlobal
